{
    "_meta": {
        "hash": {
            "sha256": "f9fe92f2ad4f2ce99cdc89dd0e05f6cd1d28045342f567b6af51d20bfcdd80d9"
        },
        "pipfile-spec": 1,
        "requires": {},
        "sources": [
            {
                "url": "https://pypi.python.org/simple",
                "verify_ssl": true
            }
        ]
    },
    "default": {
        "certifi": {
            "version": "==2018.8.24"
        },
        "chardet": {
            "version": "==3.0.4"
        },
        "click": {
            "version": "==7.0"
        },
        "flask": {
            "version": "==1.0.2"
        },
        "idna": {
            "version": "==2.7"
        },
        "itsdangerous": {
            "version": "==0.24"
        },
        "jinja2": {
            "version": "==2.10"
        },
        "markupsafe": {
            "version": "==1.0"
        },
        "pyyaml": {
            "version": "==3.13"
        },
        "requests": {
            "version": "==2.19.1"
        },
        "ua-parser": {
            "version": "==0.8.0"
        },
        "urllib3": {
            "version": "==1.23"
        },
        "user-agents": {
            "version": "==1.1.0"
        },
        "werkzeug": {
            "version": "==0.14.1"
        }
    },
    "develop": {}
}
